
Microsoft Visual Studio Solution File, Format Version 12.00
# Visual Studio 14
VisualStudioVersion = 14.0.25420.1
MinimumVisualStudioVersion = 10.0.40219.1
Project("{FAE04EC0-301F-11D3-BF4B-00C04F79EFBC}") = "QA.Core.Engine", "QA.Core.Engine\QA.Core.Engine.csproj", "{6D8FF175-1F85-4907-A0F3-C8D07CCDC98D}"
EndProject
Project("{FAE04EC0-301F-11D3-BF4B-00C04F79EFBC}") = "QA.Core.Engine.FakeImpl", "QA.Core.Engine.FakeImpl\QA.Core.Engine.FakeImpl.csproj", "{ACE2403C-55CA-442C-8445-8C673433E3F1}"
EndProject
Project("{FAE04EC0-301F-11D3-BF4B-00C04F79EFBC}") = "QA.Core.Engine.QPData", "QA.Core.Engine.QPData\QA.Core.Engine.QPData.csproj", "{E9ED2BAE-B053-42A1-8F05-66DC85BB23C8}"
EndProject
Project("{FAE04EC0-301F-11D3-BF4B-00C04F79EFBC}") = "QA.Core.Engine.Tests", "QA.Core.Engine.Tests\QA.Core.Engine.Tests.csproj", "{29210374-A8DE-4FB6-AA92-F874B08F9BD0}"
EndProject
Global
	GlobalSection(SolutionConfigurationPlatforms) = preSolution
		Debug|Any CPU = Debug|Any CPU
		Release|Any CPU = Release|Any CPU
	EndGlobalSection
	GlobalSection(ProjectConfigurationPlatforms) = postSolution
		{6D8FF175-1F85-4907-A0F3-C8D07CCDC98D}.Debug|Any CPU.ActiveCfg = Debug|Any CPU
		{6D8FF175-1F85-4907-A0F3-C8D07CCDC98D}.Debug|Any CPU.Build.0 = Debug|Any CPU
		{6D8FF175-1F85-4907-A0F3-C8D07CCDC98D}.Release|Any CPU.ActiveCfg = Release|Any CPU
		{6D8FF175-1F85-4907-A0F3-C8D07CCDC98D}.Release|Any CPU.Build.0 = Release|Any CPU
		{ACE2403C-55CA-442C-8445-8C673433E3F1}.Debug|Any CPU.ActiveCfg = Debug|Any CPU
		{ACE2403C-55CA-442C-8445-8C673433E3F1}.Debug|Any CPU.Build.0 = Debug|Any CPU
		{ACE2403C-55CA-442C-8445-8C673433E3F1}.Release|Any CPU.ActiveCfg = Release|Any CPU
		{ACE2403C-55CA-442C-8445-8C673433E3F1}.Release|Any CPU.Build.0 = Release|Any CPU
		{E9ED2BAE-B053-42A1-8F05-66DC85BB23C8}.Debug|Any CPU.ActiveCfg = Debug|Any CPU
		{E9ED2BAE-B053-42A1-8F05-66DC85BB23C8}.Debug|Any CPU.Build.0 = Debug|Any CPU
		{E9ED2BAE-B053-42A1-8F05-66DC85BB23C8}.Release|Any CPU.ActiveCfg = Release|Any CPU
		{E9ED2BAE-B053-42A1-8F05-66DC85BB23C8}.Release|Any CPU.Build.0 = Release|Any CPU
		{29210374-A8DE-4FB6-AA92-F874B08F9BD0}.Debug|Any CPU.ActiveCfg = Debug|Any CPU
		{29210374-A8DE-4FB6-AA92-F874B08F9BD0}.Debug|Any CPU.Build.0 = Debug|Any CPU
		{29210374-A8DE-4FB6-AA92-F874B08F9BD0}.Release|Any CPU.ActiveCfg = Release|Any CPU
		{29210374-A8DE-4FB6-AA92-F874B08F9BD0}.Release|Any CPU.Build.0 = Release|Any CPU
	EndGlobalSection
	GlobalSection(SolutionProperties) = preSolution
		HideSolutionNode = FALSE
	EndGlobalSection
	GlobalSection(ExtensibilityGlobals) = postSolution
		EnterpriseLibraryConfigurationToolBinariesPath = packages\Unity.2.1.505.2\lib\NET35
	EndGlobalSection
EndGlobal
